
Microsoft Visual Studio Solution File, Format Version 12.00
# Visual Studio Version 17
VisualStudioVersion = 17.3.32901.215
MinimumVisualStudioVersion = 10.0.40219.1
Project("{FAE04EC0-301F-11D3-BF4B-00C04F79EFBC}") = "ConsomeBrasilApi", "ConsomeBrasilApi\ConsomeBrasilApi.csproj", "{FC39F8D8-492B-4201-8962-A0CDA23098BA}"
EndProject
Global
	GlobalSection(SolutionConfigurationPlatforms) = preSolution
		Debug|Any CPU = Debug|Any CPU
		Release|Any CPU = Release|Any CPU
	EndGlobalSection
	GlobalSection(ProjectConfigurationPlatforms) = postSolution
		{FC39F8D8-492B-4201-8962-A0CDA23098BA}.Debug|Any CPU.ActiveCfg = Debug|Any CPU
		{FC39F8D8-492B-4201-8962-A0CDA23098BA}.Debug|Any CPU.Build.0 = Debug|Any CPU
		{FC39F8D8-492B-4201-8962-A0CDA23098BA}.Release|Any CPU.ActiveCfg = Release|Any CPU
		{FC39F8D8-492B-4201-8962-A0CDA23098BA}.Release|Any CPU.Build.0 = Release|Any CPU
	EndGlobalSection
	GlobalSection(SolutionProperties) = preSolution
		HideSolutionNode = FALSE
	EndGlobalSection
	GlobalSection(ExtensibilityGlobals) = postSolution
		SolutionGuid = {2DBAF089-13A9-4F87-A7A6-2131B3B40697}
	EndGlobalSection
EndGlobal
